
Microsoft Visual Studio Solution File, Format Version 12.00
# Visual Studio Version 17
VisualStudioVersion = 17.13.35825.156
MinimumVisualStudioVersion = 10.0.40219.1
Project("{8BC9CEB8-8B4A-11D0-8D11-00A0C91BC942}") = "Sandbox", "Sandbox\Sandbox.vcxproj", "{AE7CCB2B-4F32-4B79-A593-86D5C370DBB7}"
EndProject
Project("{8BC9CEB8-8B4A-11D0-8D11-00A0C91BC942}") = "Nebulark", "Nebulark\Nebulark.vcxproj", "{FD688297-385E-42EF-A9D2-D1D629B6C304}"
EndProject
Global
	GlobalSection(SolutionConfigurationPlatforms) = preSolution
		Debug|x64 = Debug|x64
		Release|x64 = Release|x64
	EndGlobalSection
	GlobalSection(ProjectConfigurationPlatforms) = postSolution
		{FD688297-385E-42EF-A9D2-D1D629B6C304}.Debug|x64.ActiveCfg = Debug|x64
		{FD688297-385E-42EF-A9D2-D1D629B6C304}.Debug|x64.Build.0 = Debug|x64
		{FD688297-385E-42EF-A9D2-D1D629B6C304}.Release|x64.ActiveCfg = Release|x64
		{FD688297-385E-42EF-A9D2-D1D629B6C304}.Release|x64.Build.0 = Release|x64
		{AE7CCB2B-4F32-4B79-A593-86D5C370DBB7}.Debug|x64.ActiveCfg = Debug|x64
		{AE7CCB2B-4F32-4B79-A593-86D5C370DBB7}.Debug|x64.Build.0 = Debug|x64
		{AE7CCB2B-4F32-4B79-A593-86D5C370DBB7}.Release|x64.ActiveCfg = Release|x64
		{AE7CCB2B-4F32-4B79-A593-86D5C370DBB7}.Release|x64.Build.0 = Release|x64
	EndGlobalSection
	GlobalSection(SolutionProperties) = preSolution
		HideSolutionNode = FALSE
	EndGlobalSection
	GlobalSection(ExtensibilityGlobals) = postSolution
		SolutionGuid = {3254173D-D583-41A0-9885-2DDBEF0CBBAC}
	EndGlobalSection
EndGlobal
